
Microsoft Visual Studio Solution File, Format Version 12.00
# Visual Studio Version 16
VisualStudioVersion = 16.0.29728.190
MinimumVisualStudioVersion = 10.0.40219.1
Project("{9A19103F-16F7-4668-BE54-9A1E7A4F7556}") = "ContosoPets.Api", "ContosoPets.Api.csproj", "{DA827D0A-68DC-4C0C-868E-B77F85336018}"
EndProject
Project("{9A19103F-16F7-4668-BE54-9A1E7A4F7556}") = "ContosoPets.Infrastructure", "..\ContosoPets.Infrastructure\ContosoPets.Infrastructure.csproj", "{10FF4065-8273-4DE8-A0BC-7DFA102FE522}"
EndProject
Project("{FAE04EC0-301F-11D3-BF4B-00C04F79EFBC}") = "ContosoPets.Domain", "..\ContosoPets.Domain\ContosoPets.Domain.csproj", "{432770E9-AE3F-46DE-843B-E83F3947AD97}"
EndProject
Project("{FAE04EC0-301F-11D3-BF4B-00C04F79EFBC}") = "ContosoPets.Application", "..\ContosoPets.Application\ContosoPets.Application.csproj", "{C66863BA-7CC6-41AC-BBEC-83262C84CBA0}"
EndProject
Global
	GlobalSection(SolutionConfigurationPlatforms) = preSolution
		Debug|Any CPU = Debug|Any CPU
		Release|Any CPU = Release|Any CPU
	EndGlobalSection
	GlobalSection(ProjectConfigurationPlatforms) = postSolution
		{DA827D0A-68DC-4C0C-868E-B77F85336018}.Debug|Any CPU.ActiveCfg = Debug|Any CPU
		{DA827D0A-68DC-4C0C-868E-B77F85336018}.Debug|Any CPU.Build.0 = Debug|Any CPU
		{DA827D0A-68DC-4C0C-868E-B77F85336018}.Release|Any CPU.ActiveCfg = Release|Any CPU
		{DA827D0A-68DC-4C0C-868E-B77F85336018}.Release|Any CPU.Build.0 = Release|Any CPU
		{10FF4065-8273-4DE8-A0BC-7DFA102FE522}.Debug|Any CPU.ActiveCfg = Debug|Any CPU
		{10FF4065-8273-4DE8-A0BC-7DFA102FE522}.Debug|Any CPU.Build.0 = Debug|Any CPU
		{10FF4065-8273-4DE8-A0BC-7DFA102FE522}.Release|Any CPU.ActiveCfg = Release|Any CPU
		{10FF4065-8273-4DE8-A0BC-7DFA102FE522}.Release|Any CPU.Build.0 = Release|Any CPU
		{432770E9-AE3F-46DE-843B-E83F3947AD97}.Debug|Any CPU.ActiveCfg = Debug|Any CPU
		{432770E9-AE3F-46DE-843B-E83F3947AD97}.Debug|Any CPU.Build.0 = Debug|Any CPU
		{432770E9-AE3F-46DE-843B-E83F3947AD97}.Release|Any CPU.ActiveCfg = Release|Any CPU
		{432770E9-AE3F-46DE-843B-E83F3947AD97}.Release|Any CPU.Build.0 = Release|Any CPU
		{C66863BA-7CC6-41AC-BBEC-83262C84CBA0}.Debug|Any CPU.ActiveCfg = Debug|Any CPU
		{C66863BA-7CC6-41AC-BBEC-83262C84CBA0}.Debug|Any CPU.Build.0 = Debug|Any CPU
		{C66863BA-7CC6-41AC-BBEC-83262C84CBA0}.Release|Any CPU.ActiveCfg = Release|Any CPU
		{C66863BA-7CC6-41AC-BBEC-83262C84CBA0}.Release|Any CPU.Build.0 = Release|Any CPU
	EndGlobalSection
	GlobalSection(SolutionProperties) = preSolution
		HideSolutionNode = FALSE
	EndGlobalSection
	GlobalSection(ExtensibilityGlobals) = postSolution
		SolutionGuid = {BE71CCFD-BE55-49BA-9D2D-67315F16B7E1}
	EndGlobalSection
EndGlobal
